
Microsoft Visual Studio Solution File, Format Version 12.00
# Visual Studio Version 17
VisualStudioVersion = 17.1.32210.238
MinimumVisualStudioVersion = 10.0.40219.1
Project("{FAE04EC0-301F-11D3-BF4B-00C04F79EFBC}") = "ByteBank2", "ByteBank2\ByteBank2.csproj", "{6C040D83-9FFF-4818-A0E4-04F58C609EF2}"
EndProject
Global
	GlobalSection(SolutionConfigurationPlatforms) = preSolution
		Debug|Any CPU = Debug|Any CPU
		Release|Any CPU = Release|Any CPU
	EndGlobalSection
	GlobalSection(ProjectConfigurationPlatforms) = postSolution
		{6C040D83-9FFF-4818-A0E4-04F58C609EF2}.Debug|Any CPU.ActiveCfg = Debug|Any CPU
		{6C040D83-9FFF-4818-A0E4-04F58C609EF2}.Debug|Any CPU.Build.0 = Debug|Any CPU
		{6C040D83-9FFF-4818-A0E4-04F58C609EF2}.Release|Any CPU.ActiveCfg = Release|Any CPU
		{6C040D83-9FFF-4818-A0E4-04F58C609EF2}.Release|Any CPU.Build.0 = Release|Any CPU
	EndGlobalSection
	GlobalSection(SolutionProperties) = preSolution
		HideSolutionNode = FALSE
	EndGlobalSection
	GlobalSection(ExtensibilityGlobals) = postSolution
		SolutionGuid = {DE62E8CB-E1FB-4F21-9BA8-9E627D24BF55}
	EndGlobalSection
EndGlobal
